
Microsoft Visual Studio Solution File, Format Version 12.00
# Visual Studio Version 17
VisualStudioVersion = 17.13.35828.75 d17.13
MinimumVisualStudioVersion = 10.0.40219.1
Project("{FAE04EC0-301F-11D3-BF4B-00C04F79EFBC}") = "SqliteSample", "SqliteSample\SqliteSample.csproj", "{6E63F10E-DCAA-4CDF-B01D-32E296FC9408}"
EndProject
Global
	GlobalSection(SolutionConfigurationPlatforms) = preSolution
		Debug|Any CPU = Debug|Any CPU
		Release|Any CPU = Release|Any CPU
	EndGlobalSection
	GlobalSection(ProjectConfigurationPlatforms) = postSolution
		{6E63F10E-DCAA-4CDF-B01D-32E296FC9408}.Debug|Any CPU.ActiveCfg = Debug|Any CPU
		{6E63F10E-DCAA-4CDF-B01D-32E296FC9408}.Debug|Any CPU.Build.0 = Debug|Any CPU
		{6E63F10E-DCAA-4CDF-B01D-32E296FC9408}.Release|Any CPU.ActiveCfg = Release|Any CPU
		{6E63F10E-DCAA-4CDF-B01D-32E296FC9408}.Release|Any CPU.Build.0 = Release|Any CPU
	EndGlobalSection
	GlobalSection(SolutionProperties) = preSolution
		HideSolutionNode = FALSE
	EndGlobalSection
	GlobalSection(ExtensibilityGlobals) = postSolution
		SolutionGuid = {30C9FAE1-8B20-4114-A965-F178D9AB14D8}
	EndGlobalSection
EndGlobal
