
Microsoft Visual Studio Solution File, Format Version 12.00
# Visual Studio Version 17
VisualStudioVersion = 17.13.35828.75
MinimumVisualStudioVersion = 10.0.40219.1
Project("{FAE04EC0-301F-11D3-BF4B-00C04F79EFBC}") = "PrismStep1", "PrismStep1\PrismStep1.csproj", "{C382D42E-BD30-4811-A609-7582F113A87D}"
EndProject
Project("{FAE04EC0-301F-11D3-BF4B-00C04F79EFBC}") = "PrismStep4", "PrismStep4\PrismStep4.csproj", "{D90A46BB-5413-48A5-8D3B-1504C80FFC93}"
EndProject
Project("{FAE04EC0-301F-11D3-BF4B-00C04F79EFBC}") = "PrismStep5", "PrismStep5\PrismStep5.csproj", "{9D23DDC4-5DCD-42C9-B39F-6076162A9867}"
EndProject
Global
	GlobalSection(SolutionConfigurationPlatforms) = preSolution
		Debug|Any CPU = Debug|Any CPU
		Release|Any CPU = Release|Any CPU
	EndGlobalSection
	GlobalSection(ProjectConfigurationPlatforms) = postSolution
		{C382D42E-BD30-4811-A609-7582F113A87D}.Debug|Any CPU.ActiveCfg = Debug|Any CPU
		{C382D42E-BD30-4811-A609-7582F113A87D}.Debug|Any CPU.Build.0 = Debug|Any CPU
		{C382D42E-BD30-4811-A609-7582F113A87D}.Release|Any CPU.ActiveCfg = Release|Any CPU
		{C382D42E-BD30-4811-A609-7582F113A87D}.Release|Any CPU.Build.0 = Release|Any CPU
		{D90A46BB-5413-48A5-8D3B-1504C80FFC93}.Debug|Any CPU.ActiveCfg = Debug|Any CPU
		{D90A46BB-5413-48A5-8D3B-1504C80FFC93}.Debug|Any CPU.Build.0 = Debug|Any CPU
		{D90A46BB-5413-48A5-8D3B-1504C80FFC93}.Release|Any CPU.ActiveCfg = Release|Any CPU
		{D90A46BB-5413-48A5-8D3B-1504C80FFC93}.Release|Any CPU.Build.0 = Release|Any CPU
		{9D23DDC4-5DCD-42C9-B39F-6076162A9867}.Debug|Any CPU.ActiveCfg = Debug|Any CPU
		{9D23DDC4-5DCD-42C9-B39F-6076162A9867}.Debug|Any CPU.Build.0 = Debug|Any CPU
		{9D23DDC4-5DCD-42C9-B39F-6076162A9867}.Release|Any CPU.ActiveCfg = Release|Any CPU
		{9D23DDC4-5DCD-42C9-B39F-6076162A9867}.Release|Any CPU.Build.0 = Release|Any CPU
	EndGlobalSection
	GlobalSection(SolutionProperties) = preSolution
		HideSolutionNode = FALSE
	EndGlobalSection
	GlobalSection(ExtensibilityGlobals) = postSolution
		SolutionGuid = {477B3AA9-FBB1-4E7B-AE7F-5171BF0C1F67}
	EndGlobalSection
EndGlobal
