
Microsoft Visual Studio Solution File, Format Version 12.00
# Visual Studio Version 17
VisualStudioVersion = 17.13.35828.75 d17.13
MinimumVisualStudioVersion = 10.0.40219.1
Project("{FAE04EC0-301F-11D3-BF4B-00C04F79EFBC}") = "TriggerSample1", "TriggerSample1\TriggerSample1.csproj", "{A314C63B-BD3E-46C3-8B54-A0C9DDBEEB6C}"
EndProject
Global
	GlobalSection(SolutionConfigurationPlatforms) = preSolution
		Debug|Any CPU = Debug|Any CPU
		Release|Any CPU = Release|Any CPU
	EndGlobalSection
	GlobalSection(ProjectConfigurationPlatforms) = postSolution
		{A314C63B-BD3E-46C3-8B54-A0C9DDBEEB6C}.Debug|Any CPU.ActiveCfg = Debug|Any CPU
		{A314C63B-BD3E-46C3-8B54-A0C9DDBEEB6C}.Debug|Any CPU.Build.0 = Debug|Any CPU
		{A314C63B-BD3E-46C3-8B54-A0C9DDBEEB6C}.Release|Any CPU.ActiveCfg = Release|Any CPU
		{A314C63B-BD3E-46C3-8B54-A0C9DDBEEB6C}.Release|Any CPU.Build.0 = Release|Any CPU
	EndGlobalSection
	GlobalSection(SolutionProperties) = preSolution
		HideSolutionNode = FALSE
	EndGlobalSection
	GlobalSection(ExtensibilityGlobals) = postSolution
		SolutionGuid = {F5FA164C-88FA-4DCD-B251-289B7C50D241}
	EndGlobalSection
EndGlobal
